{
    "name": "@doonce/starter-mp-package-sub",
    "version": "0.0.0",
    "lockfileVersion": 3,
    "requires": true,
    "packages": {
        "": {
            "name": "@doonce/starter-mp-package-sub",
            "version": "0.0.0",
            "dependencies": {
                "wxmp-rsa": "2.1.0"
            },
            "devDependencies": {}
        },
        "node_modules/wxmp-rsa": {
            "version": "2.1.0",
            "resolved": "https://registry.npmmirror.com/wxmp-rsa/-/wxmp-rsa-2.1.0.tgz",
            "integrity": "sha512-VbWMJ+vf8t7G93sjkqjCn5yGy/Si3M8uD6OFebqjJWJ1R0WCyle7X6SNia7WWG6Qe1F2/OWxhbcSGA6ebUBwIA=="
        }
    }
}
